
Microsoft Visual Studio Solution File, Format Version 12.00
# Visual Studio Version 17
VisualStudioVersion = 17.2.32630.192
MinimumVisualStudioVersion = 10.0.40219.1
Project("{FAE04EC0-301F-11D3-BF4B-00C04F79EFBC}") = "ExercicioIMC2", "ExercicioIMC2\ExercicioIMC2.csproj", "{FD0ECCE8-58E0-472A-8180-DABD8426AF9F}"
EndProject
Global
	GlobalSection(SolutionConfigurationPlatforms) = preSolution
		Debug|Any CPU = Debug|Any CPU
		Release|Any CPU = Release|Any CPU
	EndGlobalSection
	GlobalSection(ProjectConfigurationPlatforms) = postSolution
		{FD0ECCE8-58E0-472A-8180-DABD8426AF9F}.Debug|Any CPU.ActiveCfg = Debug|Any CPU
		{FD0ECCE8-58E0-472A-8180-DABD8426AF9F}.Debug|Any CPU.Build.0 = Debug|Any CPU
		{FD0ECCE8-58E0-472A-8180-DABD8426AF9F}.Release|Any CPU.ActiveCfg = Release|Any CPU
		{FD0ECCE8-58E0-472A-8180-DABD8426AF9F}.Release|Any CPU.Build.0 = Release|Any CPU
	EndGlobalSection
	GlobalSection(SolutionProperties) = preSolution
		HideSolutionNode = FALSE
	EndGlobalSection
	GlobalSection(ExtensibilityGlobals) = postSolution
		SolutionGuid = {CCCB335A-933C-486F-ADF4-8CA1EE72FA94}
	EndGlobalSection
EndGlobal
